// !$*UTF8*$!
{
	archiveVersion = 1;
	classes = {
	};
	objectVersion = 46;
	objects = {

/* Begin PBXBuildFile section */
		589219256FD28E81D09433CC /* Pods_chatApp.framework in Frameworks */ = {isa = PBXBuildFile; fileRef = B2BD310417FEE8478A885211 /* Pods_chatApp.framework */; };
		EF35726C1E2803D300E2C94A /* Extensions.swift in Sources */ = {isa = PBXBuildFile; fileRef = EF35726B1E2803D300E2C94A /* Extensions.swift */; };
		EF727FBC1E23EA7B000C1833 /* NewChatController.swift in Sources */ = {isa = PBXBuildFile; fileRef = EF727FBB1E23EA7B000C1833 /* NewChatController.swift */; };
		EF945A2A1E22A9AF00DC24A5 /* AppDelegate.swift in Sources */ = {isa = PBXBuildFile; fileRef = EF945A291E22A9AF00DC24A5 /* AppDelegate.swift */; };
		EF945A2C1E22A9AF00DC24A5 /* MessageController.swift in Sources */ = {isa = PBXBuildFile; fileRef = EF945A2B1E22A9AF00DC24A5 /* MessageController.swift */; };
		EF945A2F1E22A9AF00DC24A5 /* Main.storyboard in Resources */ = {isa = PBXBuildFile; fileRef = EF945A2D1E22A9AF00DC24A5 /* Main.storyboard */; };
		EF945A311E22A9AF00DC24A5 /* Assets.xcassets in Resources */ = {isa = PBXBuildFile; fileRef = EF945A301E22A9AF00DC24A5 /* Assets.xcassets */; };
		EF945A341E22A9AF00DC24A5 /* LaunchScreen.storyboard in Resources */ = {isa = PBXBuildFile; fileRef = EF945A321E22A9AF00DC24A5 /* LaunchScreen.storyboard */; };
		EF945A3D1E22ACE000DC24A5 /* LoginController.swift in Sources */ = {isa = PBXBuildFile; fileRef = EF945A3C1E22ACE000DC24A5 /* LoginController.swift */; };
		EF945A3F1E22CF9E00DC24A5 /* GoogleService-Info.plist in Resources */ = {isa = PBXBuildFile; fileRef = EF945A3E1E22CF9E00DC24A5 /* GoogleService-Info.plist */; };
		EF9CE00F1E252D89000E74F3 /* User.swift in Sources */ = {isa = PBXBuildFile; fileRef = EF9CE00E1E252D89000E74F3 /* User.swift */; };
		EF9CE0111E254B11000E74F3 /* LoginController+handlers.swift in Sources */ = {isa = PBXBuildFile; fileRef = EF9CE0101E254B11000E74F3 /* LoginController+handlers.swift */; };
/* End PBXBuildFile section */

/* Begin PBXFileReference section */
		765739F86D4AF279F0708432 /* Pods-chatApp.release.xcconfig */ = {isa = PBXFileReference; includeInIndex = 1; lastKnownFileType = text.xcconfig; name = "Pods-chatApp.release.xcconfig"; path = "Pods/Target Support Files/Pods-chatApp/Pods-chatApp.release.xcconfig"; sourceTree = "<group>"; };
		B2BD310417FEE8478A885211 /* Pods_chatApp.framework */ = {isa = PBXFileReference; explicitFileType = wrapper.framework; includeInIndex = 0; path = Pods_chatApp.framework; sourceTree = BUILT_PRODUCTS_DIR; };
		EF35726B1E2803D300E2C94A /* Extensions.swift */ = {isa = PBXFileReference; fileEncoding = 4; lastKnownFileType = sourcecode.swift; path = Extensions.swift; sourceTree = "<group>"; };
		EF727FBB1E23EA7B000C1833 /* NewChatController.swift */ = {isa = PBXFileReference; fileEncoding = 4; lastKnownFileType = sourcecode.swift; path = NewChatController.swift; sourceTree = "<group>"; };
		EF945A261E22A9AF00DC24A5 /* chatApp.app */ = {isa = PBXFileReference; explicitFileType = wrapper.application; includeInIndex = 0; path = chatApp.app; sourceTree = BUILT_PRODUCTS_DIR; };
		EF945A291E22A9AF00DC24A5 /* AppDelegate.swift */ = {isa = PBXFileReference; lastKnownFileType = sourcecode.swift; path = AppDelegate.swift; sourceTree = "<group>"; };
		EF945A2B1E22A9AF00DC24A5 /* MessageController.swift */ = {isa = PBXFileReference; lastKnownFileType = sourcecode.swift; path = MessageController.swift; sourceTree = "<group>"; };
		EF945A2E1E22A9AF00DC24A5 /* Base */ = {isa = PBXFileReference; lastKnownFileType = file.storyboard; name = Base; path = Base.lproj/Main.storyboard; sourceTree = "<group>"; };
		EF945A301E22A9AF00DC24A5 /* Assets.xcassets */ = {isa = PBXFileReference; lastKnownFileType = folder.assetcatalog; path = Assets.xcassets; sourceTree = "<group>"; };
		EF945A331E22A9AF00DC24A5 /* Base */ = {isa = PBXFileReference; lastKnownFileType = file.storyboard; name = Base; path = Base.lproj/LaunchScreen.storyboard; sourceTree = "<group>"; };
		EF945A351E22A9AF00DC24A5 /* Info.plist */ = {isa = PBXFileReference; lastKnownFileType = text.plist.xml; path = Info.plist; sourceTree = "<group>"; };
		EF945A3C1E22ACE000DC24A5 /* LoginController.swift */ = {isa = PBXFileReference; fileEncoding = 4; lastKnownFileType = sourcecode.swift; path = LoginController.swift; sourceTree = "<group>"; };
		EF945A3E1E22CF9E00DC24A5 /* GoogleService-Info.plist */ = {isa = PBXFileReference; fileEncoding = 4; lastKnownFileType = text.plist.xml; path = "GoogleService-Info.plist"; sourceTree = "<group>"; };
		EF9CE00E1E252D89000E74F3 /* User.swift */ = {isa = PBXFileReference; fileEncoding = 4; lastKnownFileType = sourcecode.swift; path = User.swift; sourceTree = "<group>"; };
		EF9CE0101E254B11000E74F3 /* LoginController+handlers.swift */ = {isa = PBXFileReference; fileEncoding = 4; lastKnownFileType = sourcecode.swift; path = "LoginController+handlers.swift"; sourceTree = "<group>"; };
		F5AC189E6A9DE7717E027CE5 /* Pods-chatApp.debug.xcconfig */ = {isa = PBXFileReference; includeInIndex = 1; lastKnownFileType = text.xcconfig; name = "Pods-chatApp.debug.xcconfig"; path = "Pods/Target Support Files/Pods-chatApp/Pods-chatApp.debug.xcconfig"; sourceTree = "<group>"; };
/* End PBXFileReference section */

/* Begin PBXFrameworksBuildPhase section */
		EF945A231E22A9AF00DC24A5 /* Frameworks */ = {
			isa = PBXFrameworksBuildPhase;
			buildActionMask = 2147483647;
			files = (
				589219256FD28E81D09433CC /* Pods_chatApp.framework in Frameworks */,
			);
			runOnlyForDeploymentPostprocessing = 0;
		};
/* End PBXFrameworksBuildPhase section */

/* Begin PBXGroup section */
		4CD79953A5FE65AB69B571BC /* Frameworks */ = {
			isa = PBXGroup;
			children = (
				B2BD310417FEE8478A885211 /* Pods_chatApp.framework */,
			);
			name = Frameworks;
			sourceTree = "<group>";
		};
		C230F402FC910794F18B11C1 /* Pods */ = {
			isa = PBXGroup;
			children = (
				F5AC189E6A9DE7717E027CE5 /* Pods-chatApp.debug.xcconfig */,
				765739F86D4AF279F0708432 /* Pods-chatApp.release.xcconfig */,
			);
			name = Pods;
			sourceTree = "<group>";
		};
		EF35726A1E28036D00E2C94A /* Helpers */ = {
			isa = PBXGroup;
			children = (
				EF35726B1E2803D300E2C94A /* Extensions.swift */,
			);
			name = Helpers;
			sourceTree = "<group>";
		};
		EF945A1D1E22A9AF00DC24A5 = {
			isa = PBXGroup;
			children = (
				EF945A281E22A9AF00DC24A5 /* chatApp */,
				EF945A271E22A9AF00DC24A5 /* Products */,
				C230F402FC910794F18B11C1 /* Pods */,
				4CD79953A5FE65AB69B571BC /* Frameworks */,
			);
			sourceTree = "<group>";
		};
		EF945A271E22A9AF00DC24A5 /* Products */ = {
			isa = PBXGroup;
			children = (
				EF945A261E22A9AF00DC24A5 /* chatApp.app */,
			);
			name = Products;
			sourceTree = "<group>";
		};
		EF945A281E22A9AF00DC24A5 /* chatApp */ = {
			isa = PBXGroup;
			children = (
				EF35726A1E28036D00E2C94A /* Helpers */,
				EF9CE00D1E252D52000E74F3 /* Model */,
				EF945A3B1E22ACBC00DC24A5 /* Controller */,
				EF945A291E22A9AF00DC24A5 /* AppDelegate.swift */,
				EF945A2D1E22A9AF00DC24A5 /* Main.storyboard */,
				EF945A301E22A9AF00DC24A5 /* Assets.xcassets */,
				EF945A321E22A9AF00DC24A5 /* LaunchScreen.storyboard */,
				EF945A351E22A9AF00DC24A5 /* Info.plist */,
				EF945A3E1E22CF9E00DC24A5 /* GoogleService-Info.plist */,
			);
			path = chatApp;
			sourceTree = "<group>";
		};
		EF945A3B1E22ACBC00DC24A5 /* Controller */ = {
			isa = PBXGroup;
			children = (
				EF945A3C1E22ACE000DC24A5 /* LoginController.swift */,
				EF945A2B1E22A9AF00DC24A5 /* MessageController.swift */,
				EF727FBB1E23EA7B000C1833 /* NewChatController.swift */,
				EF9CE0101E254B11000E74F3 /* LoginController+handlers.swift */,
			);
			name = Controller;
			sourceTree = "<group>";
		};
		EF9CE00D1E252D52000E74F3 /* Model */ = {
			isa = PBXGroup;
			children = (
				EF9CE00E1E252D89000E74F3 /* User.swift */,
			);
			name = Model;
			sourceTree = "<group>";
		};
/* End PBXGroup section */

/* Begin PBXNativeTarget section */
		EF945A251E22A9AF00DC24A5 /* chatApp */ = {
			isa = PBXNativeTarget;
			buildConfigurationList = EF945A381E22A9AF00DC24A5 /* Build configuration list for PBXNativeTarget "chatApp" */;
			buildPhases = (
				EDA02105B8F8EC11A351A0CA /* 📦 Check Pods Manifest.lock */,
				EF945A221E22A9AF00DC24A5 /* Sources */,
				EF945A231E22A9AF00DC24A5 /* Frameworks */,
				EF945A241E22A9AF00DC24A5 /* Resources */,
				AAF9210B37CD3FBF5BBB3172 /* 📦 Embed Pods Frameworks */,
				634E00B343E2A2A3F30ABD61 /* 📦 Copy Pods Resources */,
			);
			buildRules = (
			);
			dependencies = (
			);
			name = chatApp;
			productName = chatApp;
			productReference = EF945A261E22A9AF00DC24A5 /* chatApp.app */;
			productType = "com.apple.product-type.application";
		};
/* End PBXNativeTarget section */

/* Begin PBXProject section */
		EF945A1E1E22A9AF00DC24A5 /* Project object */ = {
			isa = PBXProject;
			attributes = {
				LastSwiftUpdateCheck = 0820;
				LastUpgradeCheck = 0820;
				ORGANIZATIONNAME = "Ayso Lima marques";
				TargetAttributes = {
					EF945A251E22A9AF00DC24A5 = {
						CreatedOnToolsVersion = 8.2.1;
						DevelopmentTeam = 44EXSGE4G3;
						ProvisioningStyle = Automatic;
					};
				};
			};
			buildConfigurationList = EF945A211E22A9AF00DC24A5 /* Build configuration list for PBXProject "chatApp" */;
			compatibilityVersion = "Xcode 3.2";
			developmentRegion = English;
			hasScannedForEncodings = 0;
			knownRegions = (
				en,
				Base,
			);
			mainGroup = EF945A1D1E22A9AF00DC24A5;
			productRefGroup = EF945A271E22A9AF00DC24A5 /* Products */;
			projectDirPath = "";
			projectRoot = "";
			targets = (
				EF945A251E22A9AF00DC24A5 /* chatApp */,
			);
		};
/* End PBXProject section */

/* Begin PBXResourcesBuildPhase section */
		EF945A241E22A9AF00DC24A5 /* Resources */ = {
			isa = PBXResourcesBuildPhase;
			buildActionMask = 2147483647;
			files = (
				EF945A341E22A9AF00DC24A5 /* LaunchScreen.storyboard in Resources */,
				EF945A3F1E22CF9E00DC24A5 /* GoogleService-Info.plist in Resources */,
				EF945A311E22A9AF00DC24A5 /* Assets.xcassets in Resources */,
				EF945A2F1E22A9AF00DC24A5 /* Main.storyboard in Resources */,
			);
			runOnlyForDeploymentPostprocessing = 0;
		};
/* End PBXResourcesBuildPhase section */

/* Begin PBXShellScriptBuildPhase section */
		634E00B343E2A2A3F30ABD61 /* 📦 Copy Pods Resources */ = {
			isa = PBXShellScriptBuildPhase;
			buildActionMask = 2147483647;
			files = (
			);
			inputPaths = (
			);
			name = "📦 Copy Pods Resources";
			outputPaths = (
			);
			runOnlyForDeploymentPostprocessing = 0;
			shellPath = /bin/sh;
			shellScript = "\"${SRCROOT}/Pods/Target Support Files/Pods-chatApp/Pods-chatApp-resources.sh\"\n";
			showEnvVarsInLog = 0;
		};
		AAF9210B37CD3FBF5BBB3172 /* 📦 Embed Pods Frameworks */ = {
			isa = PBXShellScriptBuildPhase;
			buildActionMask = 2147483647;
			files = (
			);
			inputPaths = (
			);
			name = "📦 Embed Pods Frameworks";
			outputPaths = (
			);
			runOnlyForDeploymentPostprocessing = 0;
			shellPath = /bin/sh;
			shellScript = "\"${SRCROOT}/Pods/Target Support Files/Pods-chatApp/Pods-chatApp-frameworks.sh\"\n";
			showEnvVarsInLog = 0;
		};
		EDA02105B8F8EC11A351A0CA /* 📦 Check Pods Manifest.lock */ = {
			isa = PBXShellScriptBuildPhase;
			buildActionMask = 2147483647;
			files = (
			);
			inputPaths = (
			);
			name = "📦 Check Pods Manifest.lock";
			outputPaths = (
			);
			runOnlyForDeploymentPostprocessing = 0;
			shellPath = /bin/sh;
			shellScript = "diff \"${PODS_ROOT}/../Podfile.lock\" \"${PODS_ROOT}/Manifest.lock\" > /dev/null\nif [[ $? != 0 ]] ; then\n    cat << EOM\nerror: The sandbox is not in sync with the Podfile.lock. Run 'pod install' or update your CocoaPods installation.\nEOM\n    exit 1\nfi\n";
			showEnvVarsInLog = 0;
		};
/* End PBXShellScriptBuildPhase section */

/* Begin PBXSourcesBuildPhase section */
		EF945A221E22A9AF00DC24A5 /* Sources */ = {
			isa = PBXSourcesBuildPhase;
			buildActionMask = 2147483647;
			files = (
				EF727FBC1E23EA7B000C1833 /* NewChatController.swift in Sources */,
				EF945A2C1E22A9AF00DC24A5 /* MessageController.swift in Sources */,
				EF9CE0111E254B11000E74F3 /* LoginController+handlers.swift in Sources */,
				EF945A3D1E22ACE000DC24A5 /* LoginController.swift in Sources */,
				EF9CE00F1E252D89000E74F3 /* User.swift in Sources */,
				EF945A2A1E22A9AF00DC24A5 /* AppDelegate.swift in Sources */,
				EF35726C1E2803D300E2C94A /* Extensions.swift in Sources */,
			);
			runOnlyForDeploymentPostprocessing = 0;
		};
/* End PBXSourcesBuildPhase section */

/* Begin PBXVariantGroup section */
		EF945A2D1E22A9AF00DC24A5 /* Main.storyboard */ = {
			isa = PBXVariantGroup;
			children = (
				EF945A2E1E22A9AF00DC24A5 /* Base */,
			);
			name = Main.storyboard;
			sourceTree = "<group>";
		};
		EF945A321E22A9AF00DC24A5 /* LaunchScreen.storyboard */ = {
			isa = PBXVariantGroup;
			children = (
				EF945A331E22A9AF00DC24A5 /* Base */,
			);
			name = LaunchScreen.storyboard;
			sourceTree = "<group>";
		};
/* End PBXVariantGroup section */

/* Begin XCBuildConfiguration section */
		EF945A361E22A9AF00DC24A5 /* Debug */ = {
			isa = XCBuildConfiguration;
			buildSettings = {
				ALWAYS_SEARCH_USER_PATHS = NO;
				CLANG_ANALYZER_NONNULL = YES;
				CLANG_CXX_LANGUAGE_STANDARD = "gnu++0x";
				CLANG_CXX_LIBRARY = "libc++";
				CLANG_ENABLE_MODULES = YES;
				CLANG_ENABLE_OBJC_ARC = YES;
				CLANG_WARN_BOOL_CONVERSION = YES;
				CLANG_WARN_CONSTANT_CONVERSION = YES;
				CLANG_WARN_DIRECT_OBJC_ISA_USAGE = YES_ERROR;
				CLANG_WARN_DOCUMENTATION_COMMENTS = YES;
				CLANG_WARN_EMPTY_BODY = YES;
				CLANG_WARN_ENUM_CONVERSION = YES;
				CLANG_WARN_INFINITE_RECURSION = YES;
				CLANG_WARN_INT_CONVERSION = YES;
				CLANG_WARN_OBJC_ROOT_CLASS = YES_ERROR;
				CLANG_WARN_SUSPICIOUS_MOVE = YES;
				CLANG_WARN_UNREACHABLE_CODE = YES;
				CLANG_WARN__DUPLICATE_METHOD_MATCH = YES;
				"CODE_SIGN_IDENTITY[sdk=iphoneos*]" = "iPhone Developer";
				COPY_PHASE_STRIP = NO;
				DEBUG_INFORMATION_FORMAT = dwarf;
				ENABLE_STRICT_OBJC_MSGSEND = YES;
				ENABLE_TESTABILITY = YES;
				GCC_C_LANGUAGE_STANDARD = gnu99;
				GCC_DYNAMIC_NO_PIC = NO;
				GCC_NO_COMMON_BLOCKS = YES;
				GCC_OPTIMIZATION_LEVEL = 0;
				GCC_PREPROCESSOR_DEFINITIONS = (
					"DEBUG=1",
					"$(inherited)",
				);
				GCC_WARN_64_TO_32_BIT_CONVERSION = YES;
				GCC_WARN_ABOUT_RETURN_TYPE = YES_ERROR;
				GCC_WARN_UNDECLARED_SELECTOR = YES;
				GCC_WARN_UNINITIALIZED_AUTOS = YES_AGGRESSIVE;
				GCC_WARN_UNUSED_FUNCTION = YES;
				GCC_WARN_UNUSED_VARIABLE = YES;
				IPHONEOS_DEPLOYMENT_TARGET = 10.2;
				MTL_ENABLE_DEBUG_INFO = YES;
				ONLY_ACTIVE_ARCH = YES;
				SDKROOT = iphoneos;
				SWIFT_ACTIVE_COMPILATION_CONDITIONS = DEBUG;
				SWIFT_OPTIMIZATION_LEVEL = "-Onone";
				TARGETED_DEVICE_FAMILY = "1,2";
			};
			name = Debug;
		};
		EF945A371E22A9AF00DC24A5 /* Release */ = {
			isa = XCBuildConfiguration;
			buildSettings = {
				ALWAYS_SEARCH_USER_PATHS = NO;
				CLANG_ANALYZER_NONNULL = YES;
				CLANG_CXX_LANGUAGE_STANDARD = "gnu++0x";
				CLANG_CXX_LIBRARY = "libc++";
				CLANG_ENABLE_MODULES = YES;
				CLANG_ENABLE_OBJC_ARC = YES;
				CLANG_WARN_BOOL_CONVERSION = YES;
				CLANG_WARN_CONSTANT_CONVERSION = YES;
				CLANG_WARN_DIRECT_OBJC_ISA_USAGE = YES_ERROR;
				CLANG_WARN_DOCUMENTATION_COMMENTS = YES;
				CLANG_WARN_EMPTY_BODY = YES;
				CLANG_WARN_ENUM_CONVERSION = YES;
				CLANG_WARN_INFINITE_RECURSION = YES;
				CLANG_WARN_INT_CONVERSION = YES;
				CLANG_WARN_OBJC_ROOT_CLASS = YES_ERROR;
				CLANG_WARN_SUSPICIOUS_MOVE = YES;
				CLANG_WARN_UNREACHABLE_CODE = YES;
				CLANG_WARN__DUPLICATE_METHOD_MATCH = YES;
				"CODE_SIGN_IDENTITY[sdk=iphoneos*]" = "iPhone Developer";
				COPY_PHASE_STRIP = NO;
				DEBUG_INFORMATION_FORMAT = "dwarf-with-dsym";
				ENABLE_NS_ASSERTIONS = NO;
				ENABLE_STRICT_OBJC_MSGSEND = YES;
				GCC_C_LANGUAGE_STANDARD = gnu99;
				GCC_NO_COMMON_BLOCKS = YES;
				GCC_WARN_64_TO_32_BIT_CONVERSION = YES;
				GCC_WARN_ABOUT_RETURN_TYPE = YES_ERROR;
				GCC_WARN_UNDECLARED_SELECTOR = YES;
				GCC_WARN_UNINITIALIZED_AUTOS = YES_AGGRESSIVE;
				GCC_WARN_UNUSED_FUNCTION = YES;
				GCC_WARN_UNUSED_VARIABLE = YES;
				IPHONEOS_DEPLOYMENT_TARGET = 10.2;
				MTL_ENABLE_DEBUG_INFO = NO;
				SDKROOT = iphoneos;
				SWIFT_OPTIMIZATION_LEVEL = "-Owholemodule";
				TARGETED_DEVICE_FAMILY = "1,2";
				VALIDATE_PRODUCT = YES;
			};
			name = Release;
		};
		EF945A391E22A9AF00DC24A5 /* Debug */ = {
			isa = XCBuildConfiguration;
			baseConfigurationReference = F5AC189E6A9DE7717E027CE5 /* Pods-chatApp.debug.xcconfig */;
			buildSettings = {
				ASSETCATALOG_COMPILER_APPICON_NAME = AppIcon;
				DEVELOPMENT_TEAM = 44EXSGE4G3;
				INFOPLIST_FILE = chatApp/Info.plist;
				LD_RUNPATH_SEARCH_PATHS = "$(inherited) @executable_path/Frameworks";
				PRODUCT_BUNDLE_IDENTIFIER = com.ayso.chatApp;
				PRODUCT_NAME = "$(TARGET_NAME)";
				SWIFT_VERSION = 3.0;
			};
			name = Debug;
		};
		EF945A3A1E22A9AF00DC24A5 /* Release */ = {
			isa = XCBuildConfiguration;
			baseConfigurationReference = 765739F86D4AF279F0708432 /* Pods-chatApp.release.xcconfig */;
			buildSettings = {
				ASSETCATALOG_COMPILER_APPICON_NAME = AppIcon;
				DEVELOPMENT_TEAM = 44EXSGE4G3;
				INFOPLIST_FILE = chatApp/Info.plist;
				LD_RUNPATH_SEARCH_PATHS = "$(inherited) @executable_path/Frameworks";
				PRODUCT_BUNDLE_IDENTIFIER = com.ayso.chatApp;
				PRODUCT_NAME = "$(TARGET_NAME)";
				SWIFT_VERSION = 3.0;
			};
			name = Release;
		};
/* End XCBuildConfiguration section */

/* Begin XCConfigurationList section */
		EF945A211E22A9AF00DC24A5 /* Build configuration list for PBXProject "chatApp" */ = {
			isa = XCConfigurationList;
			buildConfigurations = (
				EF945A361E22A9AF00DC24A5 /* Debug */,
				EF945A371E22A9AF00DC24A5 /* Release */,
			);
			defaultConfigurationIsVisible = 0;
			defaultConfigurationName = Release;
		};
		EF945A381E22A9AF00DC24A5 /* Build configuration list for PBXNativeTarget "chatApp" */ = {
			isa = XCConfigurationList;
			buildConfigurations = (
				EF945A391E22A9AF00DC24A5 /* Debug */,
				EF945A3A1E22A9AF00DC24A5 /* Release */,
			);
			defaultConfigurationIsVisible = 0;
			defaultConfigurationName = Release;
		};
/* End XCConfigurationList section */
	};
	rootObject = EF945A1E1E22A9AF00DC24A5 /* Project object */;
}
